Microsoft Visual Studio Solution File, Format Version 12.00
# Visual Studio Version 17
VisualStudioVersion = 17.5.2.0
MinimumVisualStudioVersion = 10.0.40219.1
Project("{FAE04EC0-301F-11D3-BF4B-00C04F79EFBC}") = "Special", "Special.csproj", "{33944A6B-CF86-22BE-98A5-55B4E14A3F0B}"
EndProject
Global
	GlobalSection(SolutionConfigurationPlatforms) = preSolution
		Debug|Any CPU = Debug|Any CPU
		Release|Any CPU = Release|Any CPU
	EndGlobalSection
	GlobalSection(ProjectConfigurationPlatforms) = postSolution
		{33944A6B-CF86-22BE-98A5-55B4E14A3F0B}.Debug|Any CPU.ActiveCfg = Debug|Any CPU
		{33944A6B-CF86-22BE-98A5-55B4E14A3F0B}.Debug|Any CPU.Build.0 = Debug|Any CPU
		{33944A6B-CF86-22BE-98A5-55B4E14A3F0B}.Release|Any CPU.ActiveCfg = Release|Any CPU
		{33944A6B-CF86-22BE-98A5-55B4E14A3F0B}.Release|Any CPU.Build.0 = Release|Any CPU
	EndGlobalSection
	GlobalSection(SolutionProperties) = preSolution
		HideSolutionNode = FALSE
	EndGlobalSection
	GlobalSection(ExtensibilityGlobals) = postSolution
		SolutionGuid = {DA420625-A3FF-453A-A3FA-CF53F9C1E12D}
	EndGlobalSection
EndGlobal
